// !$*UTF8*$!
{
	archiveVersion = 1;
	classes = {
	};
	objectVersion = 56;
	objects = {

/* Begin PBXBuildFile section */
		82400BDE29BAB5F90069C331 /* Assets.xcassets in Resources */ = {isa = PBXBuildFile; fileRef = 82400BDD29BAB5F90069C331 /* Assets.xcassets */; };
		82400BE929BAB8920069C331 /* main.swift in Sources */ = {isa = PBXBuildFile; fileRef = 82400BE829BAB8910069C331 /* main.swift */; };
		82400BEB29BAB89B0069C331 /* LinuxVM.swift in Sources */ = {isa = PBXBuildFile; fileRef = 82400BEA29BAB89B0069C331 /* LinuxVM.swift */; };
		82400BEF29BAB8A20069C331 /* MacVM.swift in Sources */ = {isa = PBXBuildFile; fileRef = 82400BEC29BAB8A20069C331 /* MacVM.swift */; };
		82400BF029BAB8A20069C331 /* CreateMacVM.swift in Sources */ = {isa = PBXBuildFile; fileRef = 82400BED29BAB8A20069C331 /* CreateMacVM.swift */; };
		82400BF129BAB8A20069C331 /* CommonVM.swift in Sources */ = {isa = PBXBuildFile; fileRef = 82400BEE29BAB8A20069C331 /* CommonVM.swift */; };
		82400BF329BAB8E00069C331 /* usernet.xcframework in Frameworks */ = {isa = PBXBuildFile; fileRef = 82400BF229BAB8E00069C331 /* usernet.xcframework */; };
		82400BF629BAB8EB0069C331 /* ArgumentParser in Frameworks */ = {isa = PBXBuildFile; productRef = 82400BF529BAB8EB0069C331 /* ArgumentParser */; };
/* End PBXBuildFile section */

/* Begin PBXFileReference section */
		82400BD629BAB5F80069C331 /* vzcli.app */ = {isa = PBXFileReference; explicitFileType = wrapper.application; includeInIndex = 0; path = vzcli.app; sourceTree = BUILT_PRODUCTS_DIR; };
		82400BDD29BAB5F90069C331 /* Assets.xcassets */ = {isa = PBXFileReference; lastKnownFileType = folder.assetcatalog; path = Assets.xcassets; sourceTree = "<group>"; };
		82400BE229BAB5F90069C331 /* vzcli.entitlements */ = {isa = PBXFileReference; lastKnownFileType = text.plist.entitlements; path = vzcli.entitlements; sourceTree = "<group>"; };
		82400BE829BAB8910069C331 /* main.swift */ = {isa = PBXFileReference; fileEncoding = 4; lastKnownFileType = sourcecode.swift; path = main.swift; sourceTree = "<group>"; };
		82400BEA29BAB89B0069C331 /* LinuxVM.swift */ = {isa = PBXFileReference; fileEncoding = 4; lastKnownFileType = sourcecode.swift; path = LinuxVM.swift; sourceTree = "<group>"; };
		82400BEC29BAB8A20069C331 /* MacVM.swift */ = {isa = PBXFileReference; fileEncoding = 4; lastKnownFileType = sourcecode.swift; path = MacVM.swift; sourceTree = "<group>"; };
		82400BED29BAB8A20069C331 /* CreateMacVM.swift */ = {isa = PBXFileReference; fileEncoding = 4; lastKnownFileType = sourcecode.swift; path = CreateMacVM.swift; sourceTree = "<group>"; };
		82400BEE29BAB8A20069C331 /* CommonVM.swift */ = {isa = PBXFileReference; fileEncoding = 4; lastKnownFileType = sourcecode.swift; path = CommonVM.swift; sourceTree = "<group>"; };
		82400BF229BAB8E00069C331 /* usernet.xcframework */ = {isa = PBXFileReference; lastKnownFileType = wrapper.xcframework; path = usernet.xcframework; sourceTree = SOURCE_ROOT; };
/* End PBXFileReference section */

/* Begin PBXFrameworksBuildPhase section */
		82400BD329BAB5F80069C331 /* Frameworks */ = {
			isa = PBXFrameworksBuildPhase;
			buildActionMask = 2147483647;
			files = (
				82400BF629BAB8EB0069C331 /* ArgumentParser in Frameworks */,
				82400BF329BAB8E00069C331 /* usernet.xcframework in Frameworks */,
			);
			runOnlyForDeploymentPostprocessing = 0;
		};
/* End PBXFrameworksBuildPhase section */

/* Begin PBXGroup section */
		82400BCD29BAB5F80069C331 = {
			isa = PBXGroup;
			children = (
				82400BD829BAB5F80069C331 /* vzcli */,
				82400BD729BAB5F80069C331 /* Products */,
			);
			sourceTree = "<group>";
		};
		82400BD729BAB5F80069C331 /* Products */ = {
			isa = PBXGroup;
			children = (
				82400BD629BAB5F80069C331 /* vzcli.app */,
			);
			name = Products;
			sourceTree = "<group>";
		};
		82400BD829BAB5F80069C331 /* vzcli */ = {
			isa = PBXGroup;
			children = (
				82400BDD29BAB5F90069C331 /* Assets.xcassets */,
				82400BE229BAB5F90069C331 /* vzcli.entitlements */,
				82400BE829BAB8910069C331 /* main.swift */,
				82400BEA29BAB89B0069C331 /* LinuxVM.swift */,
				82400BEE29BAB8A20069C331 /* CommonVM.swift */,
				82400BED29BAB8A20069C331 /* CreateMacVM.swift */,
				82400BEC29BAB8A20069C331 /* MacVM.swift */,
				82400BF229BAB8E00069C331 /* usernet.xcframework */,
			);
			path = vzcli;
			sourceTree = "<group>";
		};
/* End PBXGroup section */

/* Begin PBXNativeTarget section */
		82400BD529BAB5F80069C331 /* vzcli */ = {
			isa = PBXNativeTarget;
			buildConfigurationList = 82400BE529BAB5F90069C331 /* Build configuration list for PBXNativeTarget "vzcli" */;
			buildPhases = (
				82400BD229BAB5F80069C331 /* Sources */,
				82400BD329BAB5F80069C331 /* Frameworks */,
				82400BD429BAB5F80069C331 /* Resources */,
			);
			buildRules = (
			);
			dependencies = (
			);
			name = vzcli;
			packageProductDependencies = (
				82400BF529BAB8EB0069C331 /* ArgumentParser */,
			);
			productName = vzcli;
			productReference = 82400BD629BAB5F80069C331 /* vzcli.app */;
			productType = "com.apple.product-type.application";
		};
/* End PBXNativeTarget section */

/* Begin PBXProject section */
		82400BCE29BAB5F80069C331 /* Project object */ = {
			isa = PBXProject;
			attributes = {
				BuildIndependentTargetsInParallel = 1;
				LastSwiftUpdateCheck = 1420;
				LastUpgradeCheck = 1420;
				TargetAttributes = {
					82400BD529BAB5F80069C331 = {
						CreatedOnToolsVersion = 14.2;
					};
				};
			};
			buildConfigurationList = 82400BD129BAB5F80069C331 /* Build configuration list for PBXProject "vzcli" */;
			compatibilityVersion = "Xcode 14.0";
			developmentRegion = en;
			hasScannedForEncodings = 0;
			knownRegions = (
				en,
				Base,
			);
			mainGroup = 82400BCD29BAB5F80069C331;
			packageReferences = (
				82400BF429BAB8EB0069C331 /* XCRemoteSwiftPackageReference "swift-argument-parser" */,
			);
			productRefGroup = 82400BD729BAB5F80069C331 /* Products */;
			projectDirPath = "";
			projectRoot = "";
			targets = (
				82400BD529BAB5F80069C331 /* vzcli */,
			);
		};
/* End PBXProject section */

/* Begin PBXResourcesBuildPhase section */
		82400BD429BAB5F80069C331 /* Resources */ = {
			isa = PBXResourcesBuildPhase;
			buildActionMask = 2147483647;
			files = (
				82400BDE29BAB5F90069C331 /* Assets.xcassets in Resources */,
			);
			runOnlyForDeploymentPostprocessing = 0;
		};
/* End PBXResourcesBuildPhase section */

/* Begin PBXSourcesBuildPhase section */
		82400BD229BAB5F80069C331 /* Sources */ = {
			isa = PBXSourcesBuildPhase;
			buildActionMask = 2147483647;
			files = (
				82400BEF29BAB8A20069C331 /* MacVM.swift in Sources */,
				82400BE929BAB8920069C331 /* main.swift in Sources */,
				82400BF029BAB8A20069C331 /* CreateMacVM.swift in Sources */,
				82400BEB29BAB89B0069C331 /* LinuxVM.swift in Sources */,
				82400BF129BAB8A20069C331 /* CommonVM.swift in Sources */,
			);
			runOnlyForDeploymentPostprocessing = 0;
		};
/* End PBXSourcesBuildPhase section */

/* Begin XCBuildConfiguration section */
		82400BE329BAB5F90069C331 /* Debug */ = {
			isa = XCBuildConfiguration;
			buildSettings = {
				ALWAYS_SEARCH_USER_PATHS = NO;
				CLANG_ANALYZER_NONNULL = YES;
				CLANG_ANALYZER_NUMBER_OBJECT_CONVERSION = YES_AGGRESSIVE;
				CLANG_CXX_LANGUAGE_STANDARD = "gnu++20";
				CLANG_ENABLE_MODULES = YES;
				CLANG_ENABLE_OBJC_ARC = YES;
				CLANG_ENABLE_OBJC_WEAK = YES;
				CLANG_WARN_BLOCK_CAPTURE_AUTORELEASING = YES;
				CLANG_WARN_BOOL_CONVERSION = YES;
				CLANG_WARN_COMMA = YES;
				CLANG_WARN_CONSTANT_CONVERSION = YES;
				CLANG_WARN_DEPRECATED_OBJC_IMPLEMENTATIONS = YES;
				CLANG_WARN_DIRECT_OBJC_ISA_USAGE = YES_ERROR;
				CLANG_WARN_DOCUMENTATION_COMMENTS = YES;
				CLANG_WARN_EMPTY_BODY = YES;
				CLANG_WARN_ENUM_CONVERSION = YES;
				CLANG_WARN_INFINITE_RECURSION = YES;
				CLANG_WARN_INT_CONVERSION = YES;
				CLANG_WARN_NON_LITERAL_NULL_CONVERSION = YES;
				CLANG_WARN_OBJC_IMPLICIT_RETAIN_SELF = YES;
				CLANG_WARN_OBJC_LITERAL_CONVERSION = YES;
				CLANG_WARN_OBJC_ROOT_CLASS = YES_ERROR;
				CLANG_WARN_QUOTED_INCLUDE_IN_FRAMEWORK_HEADER = YES;
				CLANG_WARN_RANGE_LOOP_ANALYSIS = YES;
				CLANG_WARN_STRICT_PROTOTYPES = YES;
				CLANG_WARN_SUSPICIOUS_MOVE = YES;
				CLANG_WARN_UNGUARDED_AVAILABILITY = YES_AGGRESSIVE;
				CLANG_WARN_UNREACHABLE_CODE = YES;
				CLANG_WARN__DUPLICATE_METHOD_MATCH = YES;
				COPY_PHASE_STRIP = NO;
				DEBUG_INFORMATION_FORMAT = dwarf;
				ENABLE_STRICT_OBJC_MSGSEND = YES;
				ENABLE_TESTABILITY = YES;
				GCC_C_LANGUAGE_STANDARD = gnu11;
				GCC_DYNAMIC_NO_PIC = NO;
				GCC_NO_COMMON_BLOCKS = YES;
				GCC_OPTIMIZATION_LEVEL = 0;
				GCC_PREPROCESSOR_DEFINITIONS = (
					"DEBUG=1",
					"$(inherited)",
				);
				GCC_WARN_64_TO_32_BIT_CONVERSION = YES;
				GCC_WARN_ABOUT_RETURN_TYPE = YES_ERROR;
				GCC_WARN_UNDECLARED_SELECTOR = YES;
				GCC_WARN_UNINITIALIZED_AUTOS = YES_AGGRESSIVE;
				GCC_WARN_UNUSED_FUNCTION = YES;
				GCC_WARN_UNUSED_VARIABLE = YES;
				MACOSX_DEPLOYMENT_TARGET = 13.1;
				MTL_ENABLE_DEBUG_INFO = INCLUDE_SOURCE;
				MTL_FAST_MATH = YES;
				ONLY_ACTIVE_ARCH = YES;
				SDKROOT = macosx;
				SWIFT_ACTIVE_COMPILATION_CONDITIONS = DEBUG;
				SWIFT_OPTIMIZATION_LEVEL = "-Onone";
			};
			name = Debug;
		};
		82400BE429BAB5F90069C331 /* Release */ = {
			isa = XCBuildConfiguration;
			buildSettings = {
				ALWAYS_SEARCH_USER_PATHS = NO;
				CLANG_ANALYZER_NONNULL = YES;
				CLANG_ANALYZER_NUMBER_OBJECT_CONVERSION = YES_AGGRESSIVE;
				CLANG_CXX_LANGUAGE_STANDARD = "gnu++20";
				CLANG_ENABLE_MODULES = YES;
				CLANG_ENABLE_OBJC_ARC = YES;
				CLANG_ENABLE_OBJC_WEAK = YES;
				CLANG_WARN_BLOCK_CAPTURE_AUTORELEASING = YES;
				CLANG_WARN_BOOL_CONVERSION = YES;
				CLANG_WARN_COMMA = YES;
				CLANG_WARN_CONSTANT_CONVERSION = YES;
				CLANG_WARN_DEPRECATED_OBJC_IMPLEMENTATIONS = YES;
				CLANG_WARN_DIRECT_OBJC_ISA_USAGE = YES_ERROR;
				CLANG_WARN_DOCUMENTATION_COMMENTS = YES;
				CLANG_WARN_EMPTY_BODY = YES;
				CLANG_WARN_ENUM_CONVERSION = YES;
				CLANG_WARN_INFINITE_RECURSION = YES;
				CLANG_WARN_INT_CONVERSION = YES;
				CLANG_WARN_NON_LITERAL_NULL_CONVERSION = YES;
				CLANG_WARN_OBJC_IMPLICIT_RETAIN_SELF = YES;
				CLANG_WARN_OBJC_LITERAL_CONVERSION = YES;
				CLANG_WARN_OBJC_ROOT_CLASS = YES_ERROR;
				CLANG_WARN_QUOTED_INCLUDE_IN_FRAMEWORK_HEADER = YES;
				CLANG_WARN_RANGE_LOOP_ANALYSIS = YES;
				CLANG_WARN_STRICT_PROTOTYPES = YES;
				CLANG_WARN_SUSPICIOUS_MOVE = YES;
				CLANG_WARN_UNGUARDED_AVAILABILITY = YES_AGGRESSIVE;
				CLANG_WARN_UNREACHABLE_CODE = YES;
				CLANG_WARN__DUPLICATE_METHOD_MATCH = YES;
				COPY_PHASE_STRIP = NO;
				DEBUG_INFORMATION_FORMAT = "dwarf-with-dsym";
				ENABLE_NS_ASSERTIONS = NO;
				ENABLE_STRICT_OBJC_MSGSEND = YES;
				GCC_C_LANGUAGE_STANDARD = gnu11;
				GCC_NO_COMMON_BLOCKS = YES;
				GCC_WARN_64_TO_32_BIT_CONVERSION = YES;
				GCC_WARN_ABOUT_RETURN_TYPE = YES_ERROR;
				GCC_WARN_UNDECLARED_SELECTOR = YES;
				GCC_WARN_UNINITIALIZED_AUTOS = YES_AGGRESSIVE;
				GCC_WARN_UNUSED_FUNCTION = YES;
				GCC_WARN_UNUSED_VARIABLE = YES;
				MACOSX_DEPLOYMENT_TARGET = 13.1;
				MTL_ENABLE_DEBUG_INFO = NO;
				MTL_FAST_MATH = YES;
				SDKROOT = macosx;
				SWIFT_COMPILATION_MODE = wholemodule;
				SWIFT_OPTIMIZATION_LEVEL = "-O";
			};
			name = Release;
		};
		82400BE629BAB5F90069C331 /* Debug */ = {
			isa = XCBuildConfiguration;
			buildSettings = {
				ARCHS = arm64;
				ASSETCATALOG_COMPILER_APPICON_NAME = AppIcon;
				ASSETCATALOG_COMPILER_GLOBAL_ACCENT_COLOR_NAME = AccentColor;
				CODE_SIGN_ENTITLEMENTS = vzcli/vzcli.entitlements;
				"CODE_SIGN_IDENTITY[sdk=macosx*]" = "Developer ID Application";
				CODE_SIGN_STYLE = Manual;
				COMBINE_HIDPI_IMAGES = YES;
				CURRENT_PROJECT_VERSION = 1;
				DEVELOPMENT_ASSET_PATHS = "";
				DEVELOPMENT_TEAM = "";
				"DEVELOPMENT_TEAM[sdk=macosx*]" = 3JP8454SQ8;
				ENABLE_HARDENED_RUNTIME = YES;
				ENABLE_PREVIEWS = YES;
				GENERATE_INFOPLIST_FILE = YES;
				INFOPLIST_KEY_CFBundleDisplayName = vzcli;
				INFOPLIST_KEY_LSApplicationCategoryType = "public.app-category.utilities";
				INFOPLIST_KEY_NSHumanReadableCopyright = "";
				LD_RUNPATH_SEARCH_PATHS = (
					"$(inherited)",
					"@executable_path/../Frameworks",
				);
				MARKETING_VERSION = 0.1;
				PRODUCT_BUNDLE_IDENTIFIER = ca.dotjason.vzcli;
				PRODUCT_NAME = "$(TARGET_NAME)";
				PROVISIONING_PROFILE_SPECIFIER = "";
				"PROVISIONING_PROFILE_SPECIFIER[sdk=macosx*]" = "vzcli (developer id app)";
				SWIFT_EMIT_LOC_STRINGS = YES;
				SWIFT_VERSION = 5.0;
			};
			name = Debug;
		};
		82400BE729BAB5F90069C331 /* Release */ = {
			isa = XCBuildConfiguration;
			buildSettings = {
				ARCHS = arm64;
				ASSETCATALOG_COMPILER_APPICON_NAME = AppIcon;
				ASSETCATALOG_COMPILER_GLOBAL_ACCENT_COLOR_NAME = AccentColor;
				CODE_SIGN_ENTITLEMENTS = vzcli/vzcli.entitlements;
				"CODE_SIGN_IDENTITY[sdk=macosx*]" = "Developer ID Application";
				CODE_SIGN_STYLE = Manual;
				COMBINE_HIDPI_IMAGES = YES;
				CURRENT_PROJECT_VERSION = 1;
				DEVELOPMENT_ASSET_PATHS = "";
				DEVELOPMENT_TEAM = "";
				"DEVELOPMENT_TEAM[sdk=macosx*]" = 3JP8454SQ8;
				ENABLE_HARDENED_RUNTIME = YES;
				ENABLE_PREVIEWS = YES;
				GENERATE_INFOPLIST_FILE = YES;
				INFOPLIST_KEY_CFBundleDisplayName = vzcli;
				INFOPLIST_KEY_LSApplicationCategoryType = "public.app-category.utilities";
				INFOPLIST_KEY_NSHumanReadableCopyright = "";
				LD_RUNPATH_SEARCH_PATHS = (
					"$(inherited)",
					"@executable_path/../Frameworks",
				);
				MARKETING_VERSION = 0.1;
				PRODUCT_BUNDLE_IDENTIFIER = ca.dotjason.vzcli;
				PRODUCT_NAME = "$(TARGET_NAME)";
				PROVISIONING_PROFILE_SPECIFIER = "";
				"PROVISIONING_PROFILE_SPECIFIER[sdk=macosx*]" = "vzcli (developer id app)";
				SWIFT_EMIT_LOC_STRINGS = YES;
				SWIFT_VERSION = 5.0;
			};
			name = Release;
		};
/* End XCBuildConfiguration section */

/* Begin XCConfigurationList section */
		82400BD129BAB5F80069C331 /* Build configuration list for PBXProject "vzcli" */ = {
			isa = XCConfigurationList;
			buildConfigurations = (
				82400BE329BAB5F90069C331 /* Debug */,
				82400BE429BAB5F90069C331 /* Release */,
			);
			defaultConfigurationIsVisible = 0;
			defaultConfigurationName = Release;
		};
		82400BE529BAB5F90069C331 /* Build configuration list for PBXNativeTarget "vzcli" */ = {
			isa = XCConfigurationList;
			buildConfigurations = (
				82400BE629BAB5F90069C331 /* Debug */,
				82400BE729BAB5F90069C331 /* Release */,
			);
			defaultConfigurationIsVisible = 0;
			defaultConfigurationName = Release;
		};
/* End XCConfigurationList section */

/* Begin XCRemoteSwiftPackageReference section */
		82400BF429BAB8EB0069C331 /* XCRemoteSwiftPackageReference "swift-argument-parser" */ = {
			isa = XCRemoteSwiftPackageReference;
			repositoryURL = "https://github.com/apple/swift-argument-parser.git";
			requirement = {
				kind = upToNextMajorVersion;
				minimumVersion = 1.0.0;
			};
		};
/* End XCRemoteSwiftPackageReference section */

/* Begin XCSwiftPackageProductDependency section */
		82400BF529BAB8EB0069C331 /* ArgumentParser */ = {
			isa = XCSwiftPackageProductDependency;
			package = 82400BF429BAB8EB0069C331 /* XCRemoteSwiftPackageReference "swift-argument-parser" */;
			productName = ArgumentParser;
		};
/* End XCSwiftPackageProductDependency section */
	};
	rootObject = 82400BCE29BAB5F80069C331 /* Project object */;
}
